
Microsoft Visual Studio Solution File, Format Version 12.00
# Visual Studio 15
VisualStudioVersion = 15.0.27130.2027
MinimumVisualStudioVersion = 10.0.40219.1
Project("{9A19103F-16F7-4668-BE54-9A1E7A4F7556}") = "Kondominium.Domain", "Kondominium\Kondominium.Domain.csproj", "{4168273B-586C-4934-B1E5-CAD0FAD9F589}"
EndProject
Project("{9A19103F-16F7-4668-BE54-9A1E7A4F7556}") = "Kondominium.Repository", "Kondominium.Repositorio\Kondominium.Repository.csproj", "{D3C58345-3F8D-49EE-837F-1FAFCAAA462F}"
EndProject
Project("{9A19103F-16F7-4668-BE54-9A1E7A4F7556}") = "Kondominium.API", "Kondominium.API\Kondominium.API.csproj", "{C8DFD9EE-B182-4BBE-9254-420CB88F7BFE}"
EndProject
Project("{FAE04EC0-301F-11D3-BF4B-00C04F79EFBC}") = "Kondominium.Test", "Kondominium.Test\Kondominium.Test.csproj", "{E4D80D06-2294-42FA-9CEB-0858592A8B29}"
EndProject
Global
	GlobalSection(SolutionConfigurationPlatforms) = preSolution
		Debug|Any CPU = Debug|Any CPU
		Release|Any CPU = Release|Any CPU
	EndGlobalSection
	GlobalSection(ProjectConfigurationPlatforms) = postSolution
		{4168273B-586C-4934-B1E5-CAD0FAD9F589}.Debug|Any CPU.ActiveCfg = Debug|Any CPU
		{4168273B-586C-4934-B1E5-CAD0FAD9F589}.Debug|Any CPU.Build.0 = Debug|Any CPU
		{4168273B-586C-4934-B1E5-CAD0FAD9F589}.Release|Any CPU.ActiveCfg = Release|Any CPU
		{4168273B-586C-4934-B1E5-CAD0FAD9F589}.Release|Any CPU.Build.0 = Release|Any CPU
		{D3C58345-3F8D-49EE-837F-1FAFCAAA462F}.Debug|Any CPU.ActiveCfg = Debug|Any CPU
		{D3C58345-3F8D-49EE-837F-1FAFCAAA462F}.Debug|Any CPU.Build.0 = Debug|Any CPU
		{D3C58345-3F8D-49EE-837F-1FAFCAAA462F}.Release|Any CPU.ActiveCfg = Release|Any CPU
		{D3C58345-3F8D-49EE-837F-1FAFCAAA462F}.Release|Any CPU.Build.0 = Release|Any CPU
		{C8DFD9EE-B182-4BBE-9254-420CB88F7BFE}.Debug|Any CPU.ActiveCfg = Debug|Any CPU
		{C8DFD9EE-B182-4BBE-9254-420CB88F7BFE}.Debug|Any CPU.Build.0 = Debug|Any CPU
		{C8DFD9EE-B182-4BBE-9254-420CB88F7BFE}.Release|Any CPU.ActiveCfg = Release|Any CPU
		{C8DFD9EE-B182-4BBE-9254-420CB88F7BFE}.Release|Any CPU.Build.0 = Release|Any CPU
		{E4D80D06-2294-42FA-9CEB-0858592A8B29}.Debug|Any CPU.ActiveCfg = Debug|Any CPU
		{E4D80D06-2294-42FA-9CEB-0858592A8B29}.Debug|Any CPU.Build.0 = Debug|Any CPU
		{E4D80D06-2294-42FA-9CEB-0858592A8B29}.Release|Any CPU.ActiveCfg = Release|Any CPU
		{E4D80D06-2294-42FA-9CEB-0858592A8B29}.Release|Any CPU.Build.0 = Release|Any CPU
	EndGlobalSection
	GlobalSection(SolutionProperties) = preSolution
		HideSolutionNode = FALSE
	EndGlobalSection
	GlobalSection(ExtensibilityGlobals) = postSolution
		SolutionGuid = {E6ED29AD-2B10-4875-8479-8C5E9534EBF2}
	EndGlobalSection
EndGlobal
